
Microsoft Visual Studio Solution File, Format Version 12.00
# Visual Studio Version 17
VisualStudioVersion = 17.11.35327.3
MinimumVisualStudioVersion = 10.0.40219.1
Project("{2150E333-8FDC-42A3-9474-1A3956D46DE8}") = "src", "src", "{6C9F4322-BDC7-42DA-ACBD-1AC641B907B4}"
EndProject
Project("{9A19103F-16F7-4668-BE54-9A1E7A4F7556}") = "Lsw.Abp.AntDesignUI", "src\Lsw.Abp.AntDesignUI\Lsw.Abp.AntDesignUI.csproj", "{9EA4AA35-DEFC-4C25-8333-78137853EC5D}"
EndProject
Project("{2150E333-8FDC-42A3-9474-1A3956D46DE8}") = "modules", "modules", "{0C432416-770F-4331-84E6-5835408A9BD8}"
EndProject
Project("{2150E333-8FDC-42A3-9474-1A3956D46DE8}") = "samples", "samples", "{E36D7268-C7A6-4A7F-81DB-57070F4B049C}"
EndProject
Project("{2150E333-8FDC-42A3-9474-1A3956D46DE8}") = "PermissionManagement", "PermissionManagement", "{30DCF9C7-BEA3-46D8-83C4-748FF24FFB96}"
EndProject
Project("{9A19103F-16F7-4668-BE54-9A1E7A4F7556}") = "Lsw.Abp.PermissionManagement.Blazor.AntDesignUI", "modules\PermissionManagement\Lsw.Abp.PermissionManagement.Blazor.AntDesignUI\Lsw.Abp.PermissionManagement.Blazor.AntDesignUI.csproj", "{FD90132E-3B0E-4677-A7CE-8783FCC5E427}"
EndProject
Project("{2150E333-8FDC-42A3-9474-1A3956D46DE8}") = "IdentityManagement", "IdentityManagement", "{8EC75594-FF27-4590-A726-B0C240EC0DC6}"
EndProject
Project("{9A19103F-16F7-4668-BE54-9A1E7A4F7556}") = "Lsw.Abp.PermissionManagement.Blazor.Server.AntDesignUI", "modules\PermissionManagement\Lsw.Abp.PermissionManagement.Blazor.Server.AntDesignUI\Lsw.Abp.PermissionManagement.Blazor.Server.AntDesignUI.csproj", "{EF106F75-3B60-4C72-902D-DDE46EEF7D84}"
EndProject
Project("{9A19103F-16F7-4668-BE54-9A1E7A4F7556}") = "Lsw.Abp.PermissionManagement.Blazor.WebAssembly.AntDesignUI", "modules\PermissionManagement\Lsw.Abp.PermissionManagement.Blazor.WebAssembly.AntDesignUI\Lsw.Abp.PermissionManagement.Blazor.WebAssembly.AntDesignUI.csproj", "{B5CBA610-B248-489F-9840-05DF0C1AAC69}"
EndProject
Project("{9A19103F-16F7-4668-BE54-9A1E7A4F7556}") = "Lsw.Abp.IdentityManagement.Blazor.AntDesignUI", "modules\IdentityManagement\Lsw.Abp.IdentityManagement.Blazor.AntDesignUI\Lsw.Abp.IdentityManagement.Blazor.AntDesignUI.csproj", "{62606EC9-E888-47C0-BBAC-E7E40652DFD3}"
EndProject
Project("{9A19103F-16F7-4668-BE54-9A1E7A4F7556}") = "Lsw.Abp.IdentityManagement.Blazor.WebAssembly.AntDesignUI", "modules\IdentityManagement\Lsw.Abp.IdentityManagement.Blazor.WebAssembly.AntDesignUI\Lsw.Abp.IdentityManagement.Blazor.WebAssembly.AntDesignUI.csproj", "{E59DA556-0472-4409-BDCE-C992F73531F5}"
EndProject
Project("{9A19103F-16F7-4668-BE54-9A1E7A4F7556}") = "Lsw.Abp.IdentityManagement.Blazor.Server.AntDesignUI", "modules\IdentityManagement\Lsw.Abp.IdentityManagement.Blazor.Server.AntDesignUI\Lsw.Abp.IdentityManagement.Blazor.Server.AntDesignUI.csproj", "{782E3414-6807-49A6-A7C4-9239BBACE0AE}"
EndProject
Project("{2150E333-8FDC-42A3-9474-1A3956D46DE8}") = "TenantManagement", "TenantManagement", "{9FB30E31-D5F4-4E67-877E-78FAD7C3846D}"
EndProject
Project("{9A19103F-16F7-4668-BE54-9A1E7A4F7556}") = "Lsw.Abp.TenantManagement.Blazor.AntDesignUI", "modules\TenantManagement\Lsw.Abp.TenantManagement.Blazor.AntDesignUI\Lsw.Abp.TenantManagement.Blazor.AntDesignUI.csproj", "{995DD783-AAA5-450A-AF5C-6DFA513343F8}"
EndProject
Project("{2150E333-8FDC-42A3-9474-1A3956D46DE8}") = "FeatureManagement", "FeatureManagement", "{5774E9F0-F6AE-4EDA-8240-315F82F3D1E1}"
EndProject
Project("{9A19103F-16F7-4668-BE54-9A1E7A4F7556}") = "Lsw.Abp.FeatureManagement.Blazor.AntDesignUI", "modules\FeatureManagement\Lsw.Abp.FeatureManagement.Blazor.AntDesignUI\Lsw.Abp.FeatureManagement.Blazor.AntDesignUI.csproj", "{496912B1-C4E3-477E-8AF8-D95DFC604B7C}"
EndProject
Project("{9A19103F-16F7-4668-BE54-9A1E7A4F7556}") = "Lsw.Abp.FeatureManagement.Blazor.WebAssembly.AntDesignUI", "modules\FeatureManagement\Lsw.Abp.FeatureManagement.Blazor.WebAssembly.AntDesignUI\Lsw.Abp.FeatureManagement.Blazor.WebAssembly.AntDesignUI.csproj", "{C8437CD7-37CB-40B7-8862-96A1533C1818}"
EndProject
Project("{9A19103F-16F7-4668-BE54-9A1E7A4F7556}") = "Lsw.Abp.FeatureManagement.Blazor.Server.AntDesignUI", "modules\FeatureManagement\Lsw.Abp.FeatureManagement.Blazor.Server.AntDesignUI\Lsw.Abp.FeatureManagement.Blazor.Server.AntDesignUI.csproj", "{C404A7B8-8271-417D-B02C-20EDC7FB48B7}"
EndProject
Project("{9A19103F-16F7-4668-BE54-9A1E7A4F7556}") = "Lsw.Abp.TenantManagement.Blazor.WebAssembly.AntDesignUI", "modules\TenantManagement\Lsw.Abp.TenantManagement.Blazor.WebAssembly.AntDesignUI\Lsw.Abp.TenantManagement.Blazor.WebAssembly.AntDesignUI.csproj", "{268E0BF9-A6A4-4255-835C-0995CE4B3F2E}"
EndProject
Project("{9A19103F-16F7-4668-BE54-9A1E7A4F7556}") = "Lsw.Abp.TenantManagement.Blazor.Server.AntDesignUI", "modules\TenantManagement\Lsw.Abp.TenantManagement.Blazor.Server.AntDesignUI\Lsw.Abp.TenantManagement.Blazor.Server.AntDesignUI.csproj", "{55BB2D05-7DCF-4BA4-B9E4-823A98C2B626}"
EndProject
Project("{2150E333-8FDC-42A3-9474-1A3956D46DE8}") = "SettingManagement", "SettingManagement", "{CCAB1F41-EAB4-4564-B956-C32ED0B03EC2}"
EndProject
Project("{9A19103F-16F7-4668-BE54-9A1E7A4F7556}") = "Lsw.Abp.SettingManagement.Blazor.AntDesignUI", "modules\SettingManagement\Lsw.Abp.SettingManagement.Blazor.AntDesignUI\Lsw.Abp.SettingManagement.Blazor.AntDesignUI.csproj", "{2E033BD6-16C2-4F3A-ADD5-C08D6FB8482B}"
EndProject
Project("{9A19103F-16F7-4668-BE54-9A1E7A4F7556}") = "Lsw.Abp.SettingManagement.Blazor.WebAssembly.AntDesignUI", "modules\SettingManagement\Lsw.Abp.SettingManagement.Blazor.WebAssembly.AntDesignUI\Lsw.Abp.SettingManagement.Blazor.WebAssembly.AntDesignUI.csproj", "{3D8714C4-B78B-4B5E-8675-F6531C21AE2C}"
EndProject
Project("{9A19103F-16F7-4668-BE54-9A1E7A4F7556}") = "Lsw.Abp.SettingManagement.Blazor.Server.AntDesignUI", "modules\SettingManagement\Lsw.Abp.SettingManagement.Blazor.Server.AntDesignUI\Lsw.Abp.SettingManagement.Blazor.Server.AntDesignUI.csproj", "{F3ADEF50-755E-4FCB-9746-C946CB0306B3}"
EndProject
Project("{2150E333-8FDC-42A3-9474-1A3956D46DE8}") = "AntDesignTheme", "AntDesignTheme", "{9F013513-EC16-46DF-BDEF-C9B5F0DA6C12}"
EndProject
Project("{9A19103F-16F7-4668-BE54-9A1E7A4F7556}") = "Lsw.Abp.AspnetCore.Components.Web.AntDesignTheme", "modules\AntDesignTheme\Lsw.Abp.AspnetCore.Components.Web.AntDesignTheme\Lsw.Abp.AspnetCore.Components.Web.AntDesignTheme.csproj", "{BBA243C1-EEAD-42EE-ABA3-6912BE5F41D8}"
EndProject
Project("{9A19103F-16F7-4668-BE54-9A1E7A4F7556}") = "Lsw.Abp.AspnetCore.Components.Server.AntDesignTheme", "modules\AntDesignTheme\Lsw.Abp.AspnetCore.Components.Server.AntDesignTheme\Lsw.Abp.AspnetCore.Components.Server.AntDesignTheme.csproj", "{2DCCFE7C-4BC5-46F8-8493-82352CE0EE71}"
EndProject
Project("{9A19103F-16F7-4668-BE54-9A1E7A4F7556}") = "Lsw.Abp.AspnetCore.Components.WebAssembly.AntDesignTheme", "modules\AntDesignTheme\Lsw.Abp.AspnetCore.Components.WebAssembly.AntDesignTheme\Lsw.Abp.AspnetCore.Components.WebAssembly.AntDesignTheme.csproj", "{90DBF0A4-253D-4E75-8221-17455B404551}"
EndProject
Project("{2150E333-8FDC-42A3-9474-1A3956D46DE8}") = ".Solution Items", ".Solution Items", "{75E22D62-7BE3-4166-BBD5-17B35B0AB2CA}"
	ProjectSection(SolutionItems) = preProject
		Directory.Packages.props = Directory.Packages.props
		NuGet.Config = NuGet.Config
	EndProjectSection
EndProject
Project("{FAE04EC0-301F-11D3-BF4B-00C04F79EFBC}") = "Lsw.Abp.AspnetCore.Components.WebAssembly.AntDesignTheme.Bundling", "modules\AntDesignTheme\Lsw.Abp.AspnetCore.Components.WebAssembly.AntDesignTheme.Bundling\Lsw.Abp.AspnetCore.Components.WebAssembly.AntDesignTheme.Bundling.csproj", "{9FE3143F-08A8-444F-B6B9-D4533FB57674}"
EndProject
Project("{2150E333-8FDC-42A3-9474-1A3956D46DE8}") = "AntDesignThemeManagement", "AntDesignThemeManagement", "{C071317A-33DD-81B8-DE1C-2EFAA26D6A66}"
EndProject
Project("{FAE04EC0-301F-11D3-BF4B-00C04F79EFBC}") = "Lsw.Abp.AntDesignThemeManagement.Application.Contracts", "modules\AntDesignThemeManagement\Lsw.Abp.AntDesignThemeManagement.Application.Contracts\Lsw.Abp.AntDesignThemeManagement.Application.Contracts.csproj", "{26EB7F51-1239-4C81-A840-91AB48C30111}"
EndProject
Project("{FAE04EC0-301F-11D3-BF4B-00C04F79EFBC}") = "Lsw.Abp.AntDesignThemeManagement.Application", "modules\AntDesignThemeManagement\Lsw.Abp.AntDesignThemeManagement.Application\Lsw.Abp.AntDesignThemeManagement.Application.csproj", "{3AEE1B0F-D26D-4156-A9A2-90FEAE7F111C}"
EndProject
Project("{FAE04EC0-301F-11D3-BF4B-00C04F79EFBC}") = "Lsw.Abp.AntDesignThemeManagement.Blazor", "modules\AntDesignThemeManagement\Lsw.Abp.AntDesignThemeManagement.Blazor\Lsw.Abp.AntDesignThemeManagement.Blazor.csproj", "{C18F5B9D-6171-456B-A972-2EF091C6FB15}"
EndProject
Project("{FAE04EC0-301F-11D3-BF4B-00C04F79EFBC}") = "Lsw.Abp.AntDesignThemeManagement.Blazor.Server", "modules\AntDesignThemeManagement\Lsw.Abp.AntDesignThemeManagement.Blazor.Server\Lsw.Abp.AntDesignThemeManagement.Blazor.Server.csproj", "{4E47F110-D37D-4C48-86CB-457295976000}"
EndProject
Project("{FAE04EC0-301F-11D3-BF4B-00C04F79EFBC}") = "Lsw.Abp.AntDesignThemeManagement.Blazor.WebAssembly", "modules\AntDesignThemeManagement\Lsw.Abp.AntDesignThemeManagement.Blazor.WebAssembly\Lsw.Abp.AntDesignThemeManagement.Blazor.WebAssembly.csproj", "{3A3C7948-3D00-416D-842C-030F3EEA91C0}"
EndProject
Global
	GlobalSection(SolutionConfigurationPlatforms) = preSolution
		Debug|Any CPU = Debug|Any CPU
		Debug|x64 = Debug|x64
		Debug|x86 = Debug|x86
		Release|Any CPU = Release|Any CPU
		Release|x64 = Release|x64
		Release|x86 = Release|x86
	EndGlobalSection
	GlobalSection(ProjectConfigurationPlatforms) = postSolution
		{9EA4AA35-DEFC-4C25-8333-78137853EC5D}.Debug|Any CPU.ActiveCfg = Debug|Any CPU
		{9EA4AA35-DEFC-4C25-8333-78137853EC5D}.Debug|Any CPU.Build.0 = Debug|Any CPU
		{9EA4AA35-DEFC-4C25-8333-78137853EC5D}.Debug|x64.ActiveCfg = Debug|Any CPU
		{9EA4AA35-DEFC-4C25-8333-78137853EC5D}.Debug|x64.Build.0 = Debug|Any CPU
		{9EA4AA35-DEFC-4C25-8333-78137853EC5D}.Debug|x86.ActiveCfg = Debug|Any CPU
		{9EA4AA35-DEFC-4C25-8333-78137853EC5D}.Debug|x86.Build.0 = Debug|Any CPU
		{9EA4AA35-DEFC-4C25-8333-78137853EC5D}.Release|Any CPU.ActiveCfg = Release|Any CPU
		{9EA4AA35-DEFC-4C25-8333-78137853EC5D}.Release|Any CPU.Build.0 = Release|Any CPU
		{9EA4AA35-DEFC-4C25-8333-78137853EC5D}.Release|x64.ActiveCfg = Release|Any CPU
		{9EA4AA35-DEFC-4C25-8333-78137853EC5D}.Release|x64.Build.0 = Release|Any CPU
		{9EA4AA35-DEFC-4C25-8333-78137853EC5D}.Release|x86.ActiveCfg = Release|Any CPU
		{9EA4AA35-DEFC-4C25-8333-78137853EC5D}.Release|x86.Build.0 = Release|Any CPU
		{FD90132E-3B0E-4677-A7CE-8783FCC5E427}.Debug|Any CPU.ActiveCfg = Debug|Any CPU
		{FD90132E-3B0E-4677-A7CE-8783FCC5E427}.Debug|Any CPU.Build.0 = Debug|Any CPU
		{FD90132E-3B0E-4677-A7CE-8783FCC5E427}.Debug|x64.ActiveCfg = Debug|Any CPU
		{FD90132E-3B0E-4677-A7CE-8783FCC5E427}.Debug|x64.Build.0 = Debug|Any CPU
		{FD90132E-3B0E-4677-A7CE-8783FCC5E427}.Debug|x86.ActiveCfg = Debug|Any CPU
		{FD90132E-3B0E-4677-A7CE-8783FCC5E427}.Debug|x86.Build.0 = Debug|Any CPU
		{FD90132E-3B0E-4677-A7CE-8783FCC5E427}.Release|Any CPU.ActiveCfg = Release|Any CPU
		{FD90132E-3B0E-4677-A7CE-8783FCC5E427}.Release|Any CPU.Build.0 = Release|Any CPU
		{FD90132E-3B0E-4677-A7CE-8783FCC5E427}.Release|x64.ActiveCfg = Release|Any CPU
		{FD90132E-3B0E-4677-A7CE-8783FCC5E427}.Release|x64.Build.0 = Release|Any CPU
		{FD90132E-3B0E-4677-A7CE-8783FCC5E427}.Release|x86.ActiveCfg = Release|Any CPU
		{FD90132E-3B0E-4677-A7CE-8783FCC5E427}.Release|x86.Build.0 = Release|Any CPU
		{EF106F75-3B60-4C72-902D-DDE46EEF7D84}.Debug|Any CPU.ActiveCfg = Debug|Any CPU
		{EF106F75-3B60-4C72-902D-DDE46EEF7D84}.Debug|Any CPU.Build.0 = Debug|Any CPU
		{EF106F75-3B60-4C72-902D-DDE46EEF7D84}.Debug|x64.ActiveCfg = Debug|Any CPU
		{EF106F75-3B60-4C72-902D-DDE46EEF7D84}.Debug|x64.Build.0 = Debug|Any CPU
		{EF106F75-3B60-4C72-902D-DDE46EEF7D84}.Debug|x86.ActiveCfg = Debug|Any CPU
		{EF106F75-3B60-4C72-902D-DDE46EEF7D84}.Debug|x86.Build.0 = Debug|Any CPU
		{EF106F75-3B60-4C72-902D-DDE46EEF7D84}.Release|Any CPU.ActiveCfg = Release|Any CPU
		{EF106F75-3B60-4C72-902D-DDE46EEF7D84}.Release|Any CPU.Build.0 = Release|Any CPU
		{EF106F75-3B60-4C72-902D-DDE46EEF7D84}.Release|x64.ActiveCfg = Release|Any CPU
		{EF106F75-3B60-4C72-902D-DDE46EEF7D84}.Release|x64.Build.0 = Release|Any CPU
		{EF106F75-3B60-4C72-902D-DDE46EEF7D84}.Release|x86.ActiveCfg = Release|Any CPU
		{EF106F75-3B60-4C72-902D-DDE46EEF7D84}.Release|x86.Build.0 = Release|Any CPU
		{B5CBA610-B248-489F-9840-05DF0C1AAC69}.Debug|Any CPU.ActiveCfg = Debug|Any CPU
		{B5CBA610-B248-489F-9840-05DF0C1AAC69}.Debug|Any CPU.Build.0 = Debug|Any CPU
		{B5CBA610-B248-489F-9840-05DF0C1AAC69}.Debug|x64.ActiveCfg = Debug|Any CPU
		{B5CBA610-B248-489F-9840-05DF0C1AAC69}.Debug|x64.Build.0 = Debug|Any CPU
		{B5CBA610-B248-489F-9840-05DF0C1AAC69}.Debug|x86.ActiveCfg = Debug|Any CPU
		{B5CBA610-B248-489F-9840-05DF0C1AAC69}.Debug|x86.Build.0 = Debug|Any CPU
		{B5CBA610-B248-489F-9840-05DF0C1AAC69}.Release|Any CPU.ActiveCfg = Release|Any CPU
		{B5CBA610-B248-489F-9840-05DF0C1AAC69}.Release|Any CPU.Build.0 = Release|Any CPU
		{B5CBA610-B248-489F-9840-05DF0C1AAC69}.Release|x64.ActiveCfg = Release|Any CPU
		{B5CBA610-B248-489F-9840-05DF0C1AAC69}.Release|x64.Build.0 = Release|Any CPU
		{B5CBA610-B248-489F-9840-05DF0C1AAC69}.Release|x86.ActiveCfg = Release|Any CPU
		{B5CBA610-B248-489F-9840-05DF0C1AAC69}.Release|x86.Build.0 = Release|Any CPU
		{62606EC9-E888-47C0-BBAC-E7E40652DFD3}.Debug|Any CPU.ActiveCfg = Debug|Any CPU
		{62606EC9-E888-47C0-BBAC-E7E40652DFD3}.Debug|Any CPU.Build.0 = Debug|Any CPU
		{62606EC9-E888-47C0-BBAC-E7E40652DFD3}.Debug|x64.ActiveCfg = Debug|Any CPU
		{62606EC9-E888-47C0-BBAC-E7E40652DFD3}.Debug|x64.Build.0 = Debug|Any CPU
		{62606EC9-E888-47C0-BBAC-E7E40652DFD3}.Debug|x86.ActiveCfg = Debug|Any CPU
		{62606EC9-E888-47C0-BBAC-E7E40652DFD3}.Debug|x86.Build.0 = Debug|Any CPU
		{62606EC9-E888-47C0-BBAC-E7E40652DFD3}.Release|Any CPU.ActiveCfg = Release|Any CPU
		{62606EC9-E888-47C0-BBAC-E7E40652DFD3}.Release|Any CPU.Build.0 = Release|Any CPU
		{62606EC9-E888-47C0-BBAC-E7E40652DFD3}.Release|x64.ActiveCfg = Release|Any CPU
		{62606EC9-E888-47C0-BBAC-E7E40652DFD3}.Release|x64.Build.0 = Release|Any CPU
		{62606EC9-E888-47C0-BBAC-E7E40652DFD3}.Release|x86.ActiveCfg = Release|Any CPU
		{62606EC9-E888-47C0-BBAC-E7E40652DFD3}.Release|x86.Build.0 = Release|Any CPU
		{E59DA556-0472-4409-BDCE-C992F73531F5}.Debug|Any CPU.ActiveCfg = Debug|Any CPU
		{E59DA556-0472-4409-BDCE-C992F73531F5}.Debug|Any CPU.Build.0 = Debug|Any CPU
		{E59DA556-0472-4409-BDCE-C992F73531F5}.Debug|x64.ActiveCfg = Debug|Any CPU
		{E59DA556-0472-4409-BDCE-C992F73531F5}.Debug|x64.Build.0 = Debug|Any CPU
		{E59DA556-0472-4409-BDCE-C992F73531F5}.Debug|x86.ActiveCfg = Debug|Any CPU
		{E59DA556-0472-4409-BDCE-C992F73531F5}.Debug|x86.Build.0 = Debug|Any CPU
		{E59DA556-0472-4409-BDCE-C992F73531F5}.Release|Any CPU.ActiveCfg = Release|Any CPU
		{E59DA556-0472-4409-BDCE-C992F73531F5}.Release|Any CPU.Build.0 = Release|Any CPU
		{E59DA556-0472-4409-BDCE-C992F73531F5}.Release|x64.ActiveCfg = Release|Any CPU
		{E59DA556-0472-4409-BDCE-C992F73531F5}.Release|x64.Build.0 = Release|Any CPU
		{E59DA556-0472-4409-BDCE-C992F73531F5}.Release|x86.ActiveCfg = Release|Any CPU
		{E59DA556-0472-4409-BDCE-C992F73531F5}.Release|x86.Build.0 = Release|Any CPU
		{782E3414-6807-49A6-A7C4-9239BBACE0AE}.Debug|Any CPU.ActiveCfg = Debug|Any CPU
		{782E3414-6807-49A6-A7C4-9239BBACE0AE}.Debug|Any CPU.Build.0 = Debug|Any CPU
		{782E3414-6807-49A6-A7C4-9239BBACE0AE}.Debug|x64.ActiveCfg = Debug|Any CPU
		{782E3414-6807-49A6-A7C4-9239BBACE0AE}.Debug|x64.Build.0 = Debug|Any CPU
		{782E3414-6807-49A6-A7C4-9239BBACE0AE}.Debug|x86.ActiveCfg = Debug|Any CPU
		{782E3414-6807-49A6-A7C4-9239BBACE0AE}.Debug|x86.Build.0 = Debug|Any CPU
		{782E3414-6807-49A6-A7C4-9239BBACE0AE}.Release|Any CPU.ActiveCfg = Release|Any CPU
		{782E3414-6807-49A6-A7C4-9239BBACE0AE}.Release|Any CPU.Build.0 = Release|Any CPU
		{782E3414-6807-49A6-A7C4-9239BBACE0AE}.Release|x64.ActiveCfg = Release|Any CPU
		{782E3414-6807-49A6-A7C4-9239BBACE0AE}.Release|x64.Build.0 = Release|Any CPU
		{782E3414-6807-49A6-A7C4-9239BBACE0AE}.Release|x86.ActiveCfg = Release|Any CPU
		{782E3414-6807-49A6-A7C4-9239BBACE0AE}.Release|x86.Build.0 = Release|Any CPU
		{995DD783-AAA5-450A-AF5C-6DFA513343F8}.Debug|Any CPU.ActiveCfg = Debug|Any CPU
		{995DD783-AAA5-450A-AF5C-6DFA513343F8}.Debug|Any CPU.Build.0 = Debug|Any CPU
		{995DD783-AAA5-450A-AF5C-6DFA513343F8}.Debug|x64.ActiveCfg = Debug|Any CPU
		{995DD783-AAA5-450A-AF5C-6DFA513343F8}.Debug|x64.Build.0 = Debug|Any CPU
		{995DD783-AAA5-450A-AF5C-6DFA513343F8}.Debug|x86.ActiveCfg = Debug|Any CPU
		{995DD783-AAA5-450A-AF5C-6DFA513343F8}.Debug|x86.Build.0 = Debug|Any CPU
		{995DD783-AAA5-450A-AF5C-6DFA513343F8}.Release|Any CPU.ActiveCfg = Release|Any CPU
		{995DD783-AAA5-450A-AF5C-6DFA513343F8}.Release|Any CPU.Build.0 = Release|Any CPU
		{995DD783-AAA5-450A-AF5C-6DFA513343F8}.Release|x64.ActiveCfg = Release|Any CPU
		{995DD783-AAA5-450A-AF5C-6DFA513343F8}.Release|x64.Build.0 = Release|Any CPU
		{995DD783-AAA5-450A-AF5C-6DFA513343F8}.Release|x86.ActiveCfg = Release|Any CPU
		{995DD783-AAA5-450A-AF5C-6DFA513343F8}.Release|x86.Build.0 = Release|Any CPU
		{496912B1-C4E3-477E-8AF8-D95DFC604B7C}.Debug|Any CPU.ActiveCfg = Debug|Any CPU
		{496912B1-C4E3-477E-8AF8-D95DFC604B7C}.Debug|Any CPU.Build.0 = Debug|Any CPU
		{496912B1-C4E3-477E-8AF8-D95DFC604B7C}.Debug|x64.ActiveCfg = Debug|Any CPU
		{496912B1-C4E3-477E-8AF8-D95DFC604B7C}.Debug|x64.Build.0 = Debug|Any CPU
		{496912B1-C4E3-477E-8AF8-D95DFC604B7C}.Debug|x86.ActiveCfg = Debug|Any CPU
		{496912B1-C4E3-477E-8AF8-D95DFC604B7C}.Debug|x86.Build.0 = Debug|Any CPU
		{496912B1-C4E3-477E-8AF8-D95DFC604B7C}.Release|Any CPU.ActiveCfg = Release|Any CPU
		{496912B1-C4E3-477E-8AF8-D95DFC604B7C}.Release|Any CPU.Build.0 = Release|Any CPU
		{496912B1-C4E3-477E-8AF8-D95DFC604B7C}.Release|x64.ActiveCfg = Release|Any CPU
		{496912B1-C4E3-477E-8AF8-D95DFC604B7C}.Release|x64.Build.0 = Release|Any CPU
		{496912B1-C4E3-477E-8AF8-D95DFC604B7C}.Release|x86.ActiveCfg = Release|Any CPU
		{496912B1-C4E3-477E-8AF8-D95DFC604B7C}.Release|x86.Build.0 = Release|Any CPU
		{C8437CD7-37CB-40B7-8862-96A1533C1818}.Debug|Any CPU.ActiveCfg = Debug|Any CPU
		{C8437CD7-37CB-40B7-8862-96A1533C1818}.Debug|Any CPU.Build.0 = Debug|Any CPU
		{C8437CD7-37CB-40B7-8862-96A1533C1818}.Debug|x64.ActiveCfg = Debug|Any CPU
		{C8437CD7-37CB-40B7-8862-96A1533C1818}.Debug|x64.Build.0 = Debug|Any CPU
		{C8437CD7-37CB-40B7-8862-96A1533C1818}.Debug|x86.ActiveCfg = Debug|Any CPU
		{C8437CD7-37CB-40B7-8862-96A1533C1818}.Debug|x86.Build.0 = Debug|Any CPU
		{C8437CD7-37CB-40B7-8862-96A1533C1818}.Release|Any CPU.ActiveCfg = Release|Any CPU
		{C8437CD7-37CB-40B7-8862-96A1533C1818}.Release|Any CPU.Build.0 = Release|Any CPU
		{C8437CD7-37CB-40B7-8862-96A1533C1818}.Release|x64.ActiveCfg = Release|Any CPU
		{C8437CD7-37CB-40B7-8862-96A1533C1818}.Release|x64.Build.0 = Release|Any CPU
		{C8437CD7-37CB-40B7-8862-96A1533C1818}.Release|x86.ActiveCfg = Release|Any CPU
		{C8437CD7-37CB-40B7-8862-96A1533C1818}.Release|x86.Build.0 = Release|Any CPU
		{C404A7B8-8271-417D-B02C-20EDC7FB48B7}.Debug|Any CPU.ActiveCfg = Debug|Any CPU
		{C404A7B8-8271-417D-B02C-20EDC7FB48B7}.Debug|Any CPU.Build.0 = Debug|Any CPU
		{C404A7B8-8271-417D-B02C-20EDC7FB48B7}.Debug|x64.ActiveCfg = Debug|Any CPU
		{C404A7B8-8271-417D-B02C-20EDC7FB48B7}.Debug|x64.Build.0 = Debug|Any CPU
		{C404A7B8-8271-417D-B02C-20EDC7FB48B7}.Debug|x86.ActiveCfg = Debug|Any CPU
		{C404A7B8-8271-417D-B02C-20EDC7FB48B7}.Debug|x86.Build.0 = Debug|Any CPU
		{C404A7B8-8271-417D-B02C-20EDC7FB48B7}.Release|Any CPU.ActiveCfg = Release|Any CPU
		{C404A7B8-8271-417D-B02C-20EDC7FB48B7}.Release|Any CPU.Build.0 = Release|Any CPU
		{C404A7B8-8271-417D-B02C-20EDC7FB48B7}.Release|x64.ActiveCfg = Release|Any CPU
		{C404A7B8-8271-417D-B02C-20EDC7FB48B7}.Release|x64.Build.0 = Release|Any CPU
		{C404A7B8-8271-417D-B02C-20EDC7FB48B7}.Release|x86.ActiveCfg = Release|Any CPU
		{C404A7B8-8271-417D-B02C-20EDC7FB48B7}.Release|x86.Build.0 = Release|Any CPU
		{268E0BF9-A6A4-4255-835C-0995CE4B3F2E}.Debug|Any CPU.ActiveCfg = Debug|Any CPU
		{268E0BF9-A6A4-4255-835C-0995CE4B3F2E}.Debug|Any CPU.Build.0 = Debug|Any CPU
		{268E0BF9-A6A4-4255-835C-0995CE4B3F2E}.Debug|x64.ActiveCfg = Debug|Any CPU
		{268E0BF9-A6A4-4255-835C-0995CE4B3F2E}.Debug|x64.Build.0 = Debug|Any CPU
		{268E0BF9-A6A4-4255-835C-0995CE4B3F2E}.Debug|x86.ActiveCfg = Debug|Any CPU
		{268E0BF9-A6A4-4255-835C-0995CE4B3F2E}.Debug|x86.Build.0 = Debug|Any CPU
		{268E0BF9-A6A4-4255-835C-0995CE4B3F2E}.Release|Any CPU.ActiveCfg = Release|Any CPU
		{268E0BF9-A6A4-4255-835C-0995CE4B3F2E}.Release|Any CPU.Build.0 = Release|Any CPU
		{268E0BF9-A6A4-4255-835C-0995CE4B3F2E}.Release|x64.ActiveCfg = Release|Any CPU
		{268E0BF9-A6A4-4255-835C-0995CE4B3F2E}.Release|x64.Build.0 = Release|Any CPU
		{268E0BF9-A6A4-4255-835C-0995CE4B3F2E}.Release|x86.ActiveCfg = Release|Any CPU
		{268E0BF9-A6A4-4255-835C-0995CE4B3F2E}.Release|x86.Build.0 = Release|Any CPU
		{55BB2D05-7DCF-4BA4-B9E4-823A98C2B626}.Debug|Any CPU.ActiveCfg = Debug|Any CPU
		{55BB2D05-7DCF-4BA4-B9E4-823A98C2B626}.Debug|Any CPU.Build.0 = Debug|Any CPU
		{55BB2D05-7DCF-4BA4-B9E4-823A98C2B626}.Debug|x64.ActiveCfg = Debug|Any CPU
		{55BB2D05-7DCF-4BA4-B9E4-823A98C2B626}.Debug|x64.Build.0 = Debug|Any CPU
		{55BB2D05-7DCF-4BA4-B9E4-823A98C2B626}.Debug|x86.ActiveCfg = Debug|Any CPU
		{55BB2D05-7DCF-4BA4-B9E4-823A98C2B626}.Debug|x86.Build.0 = Debug|Any CPU
		{55BB2D05-7DCF-4BA4-B9E4-823A98C2B626}.Release|Any CPU.ActiveCfg = Release|Any CPU
		{55BB2D05-7DCF-4BA4-B9E4-823A98C2B626}.Release|Any CPU.Build.0 = Release|Any CPU
		{55BB2D05-7DCF-4BA4-B9E4-823A98C2B626}.Release|x64.ActiveCfg = Release|Any CPU
		{55BB2D05-7DCF-4BA4-B9E4-823A98C2B626}.Release|x64.Build.0 = Release|Any CPU
		{55BB2D05-7DCF-4BA4-B9E4-823A98C2B626}.Release|x86.ActiveCfg = Release|Any CPU
		{55BB2D05-7DCF-4BA4-B9E4-823A98C2B626}.Release|x86.Build.0 = Release|Any CPU
		{2E033BD6-16C2-4F3A-ADD5-C08D6FB8482B}.Debug|Any CPU.ActiveCfg = Debug|Any CPU
		{2E033BD6-16C2-4F3A-ADD5-C08D6FB8482B}.Debug|Any CPU.Build.0 = Debug|Any CPU
		{2E033BD6-16C2-4F3A-ADD5-C08D6FB8482B}.Debug|x64.ActiveCfg = Debug|Any CPU
		{2E033BD6-16C2-4F3A-ADD5-C08D6FB8482B}.Debug|x64.Build.0 = Debug|Any CPU
		{2E033BD6-16C2-4F3A-ADD5-C08D6FB8482B}.Debug|x86.ActiveCfg = Debug|Any CPU
		{2E033BD6-16C2-4F3A-ADD5-C08D6FB8482B}.Debug|x86.Build.0 = Debug|Any CPU
		{2E033BD6-16C2-4F3A-ADD5-C08D6FB8482B}.Release|Any CPU.ActiveCfg = Release|Any CPU
		{2E033BD6-16C2-4F3A-ADD5-C08D6FB8482B}.Release|Any CPU.Build.0 = Release|Any CPU
		{2E033BD6-16C2-4F3A-ADD5-C08D6FB8482B}.Release|x64.ActiveCfg = Release|Any CPU
		{2E033BD6-16C2-4F3A-ADD5-C08D6FB8482B}.Release|x64.Build.0 = Release|Any CPU
		{2E033BD6-16C2-4F3A-ADD5-C08D6FB8482B}.Release|x86.ActiveCfg = Release|Any CPU
		{2E033BD6-16C2-4F3A-ADD5-C08D6FB8482B}.Release|x86.Build.0 = Release|Any CPU
		{3D8714C4-B78B-4B5E-8675-F6531C21AE2C}.Debug|Any CPU.ActiveCfg = Debug|Any CPU
		{3D8714C4-B78B-4B5E-8675-F6531C21AE2C}.Debug|Any CPU.Build.0 = Debug|Any CPU
		{3D8714C4-B78B-4B5E-8675-F6531C21AE2C}.Debug|x64.ActiveCfg = Debug|Any CPU
		{3D8714C4-B78B-4B5E-8675-F6531C21AE2C}.Debug|x64.Build.0 = Debug|Any CPU
		{3D8714C4-B78B-4B5E-8675-F6531C21AE2C}.Debug|x86.ActiveCfg = Debug|Any CPU
		{3D8714C4-B78B-4B5E-8675-F6531C21AE2C}.Debug|x86.Build.0 = Debug|Any CPU
		{3D8714C4-B78B-4B5E-8675-F6531C21AE2C}.Release|Any CPU.ActiveCfg = Release|Any CPU
		{3D8714C4-B78B-4B5E-8675-F6531C21AE2C}.Release|Any CPU.Build.0 = Release|Any CPU
		{3D8714C4-B78B-4B5E-8675-F6531C21AE2C}.Release|x64.ActiveCfg = Release|Any CPU
		{3D8714C4-B78B-4B5E-8675-F6531C21AE2C}.Release|x64.Build.0 = Release|Any CPU
		{3D8714C4-B78B-4B5E-8675-F6531C21AE2C}.Release|x86.ActiveCfg = Release|Any CPU
		{3D8714C4-B78B-4B5E-8675-F6531C21AE2C}.Release|x86.Build.0 = Release|Any CPU
		{F3ADEF50-755E-4FCB-9746-C946CB0306B3}.Debug|Any CPU.ActiveCfg = Debug|Any CPU
		{F3ADEF50-755E-4FCB-9746-C946CB0306B3}.Debug|Any CPU.Build.0 = Debug|Any CPU
		{F3ADEF50-755E-4FCB-9746-C946CB0306B3}.Debug|x64.ActiveCfg = Debug|Any CPU
		{F3ADEF50-755E-4FCB-9746-C946CB0306B3}.Debug|x64.Build.0 = Debug|Any CPU
		{F3ADEF50-755E-4FCB-9746-C946CB0306B3}.Debug|x86.ActiveCfg = Debug|Any CPU
		{F3ADEF50-755E-4FCB-9746-C946CB0306B3}.Debug|x86.Build.0 = Debug|Any CPU
		{F3ADEF50-755E-4FCB-9746-C946CB0306B3}.Release|Any CPU.ActiveCfg = Release|Any CPU
		{F3ADEF50-755E-4FCB-9746-C946CB0306B3}.Release|Any CPU.Build.0 = Release|Any CPU
		{F3ADEF50-755E-4FCB-9746-C946CB0306B3}.Release|x64.ActiveCfg = Release|Any CPU
		{F3ADEF50-755E-4FCB-9746-C946CB0306B3}.Release|x64.Build.0 = Release|Any CPU
		{F3ADEF50-755E-4FCB-9746-C946CB0306B3}.Release|x86.ActiveCfg = Release|Any CPU
		{F3ADEF50-755E-4FCB-9746-C946CB0306B3}.Release|x86.Build.0 = Release|Any CPU
		{BBA243C1-EEAD-42EE-ABA3-6912BE5F41D8}.Debug|Any CPU.ActiveCfg = Debug|Any CPU
		{BBA243C1-EEAD-42EE-ABA3-6912BE5F41D8}.Debug|Any CPU.Build.0 = Debug|Any CPU
		{BBA243C1-EEAD-42EE-ABA3-6912BE5F41D8}.Debug|x64.ActiveCfg = Debug|Any CPU
		{BBA243C1-EEAD-42EE-ABA3-6912BE5F41D8}.Debug|x64.Build.0 = Debug|Any CPU
		{BBA243C1-EEAD-42EE-ABA3-6912BE5F41D8}.Debug|x86.ActiveCfg = Debug|Any CPU
		{BBA243C1-EEAD-42EE-ABA3-6912BE5F41D8}.Debug|x86.Build.0 = Debug|Any CPU
		{BBA243C1-EEAD-42EE-ABA3-6912BE5F41D8}.Release|Any CPU.ActiveCfg = Release|Any CPU
		{BBA243C1-EEAD-42EE-ABA3-6912BE5F41D8}.Release|Any CPU.Build.0 = Release|Any CPU
		{BBA243C1-EEAD-42EE-ABA3-6912BE5F41D8}.Release|x64.ActiveCfg = Release|Any CPU
		{BBA243C1-EEAD-42EE-ABA3-6912BE5F41D8}.Release|x64.Build.0 = Release|Any CPU
		{BBA243C1-EEAD-42EE-ABA3-6912BE5F41D8}.Release|x86.ActiveCfg = Release|Any CPU
		{BBA243C1-EEAD-42EE-ABA3-6912BE5F41D8}.Release|x86.Build.0 = Release|Any CPU
		{2DCCFE7C-4BC5-46F8-8493-82352CE0EE71}.Debug|Any CPU.ActiveCfg = Debug|Any CPU
		{2DCCFE7C-4BC5-46F8-8493-82352CE0EE71}.Debug|Any CPU.Build.0 = Debug|Any CPU
		{2DCCFE7C-4BC5-46F8-8493-82352CE0EE71}.Debug|x64.ActiveCfg = Debug|Any CPU
		{2DCCFE7C-4BC5-46F8-8493-82352CE0EE71}.Debug|x64.Build.0 = Debug|Any CPU
		{2DCCFE7C-4BC5-46F8-8493-82352CE0EE71}.Debug|x86.ActiveCfg = Debug|Any CPU
		{2DCCFE7C-4BC5-46F8-8493-82352CE0EE71}.Debug|x86.Build.0 = Debug|Any CPU
		{2DCCFE7C-4BC5-46F8-8493-82352CE0EE71}.Release|Any CPU.ActiveCfg = Release|Any CPU
		{2DCCFE7C-4BC5-46F8-8493-82352CE0EE71}.Release|Any CPU.Build.0 = Release|Any CPU
		{2DCCFE7C-4BC5-46F8-8493-82352CE0EE71}.Release|x64.ActiveCfg = Release|Any CPU
		{2DCCFE7C-4BC5-46F8-8493-82352CE0EE71}.Release|x64.Build.0 = Release|Any CPU
		{2DCCFE7C-4BC5-46F8-8493-82352CE0EE71}.Release|x86.ActiveCfg = Release|Any CPU
		{2DCCFE7C-4BC5-46F8-8493-82352CE0EE71}.Release|x86.Build.0 = Release|Any CPU
		{90DBF0A4-253D-4E75-8221-17455B404551}.Debug|Any CPU.ActiveCfg = Debug|Any CPU
		{90DBF0A4-253D-4E75-8221-17455B404551}.Debug|Any CPU.Build.0 = Debug|Any CPU
		{90DBF0A4-253D-4E75-8221-17455B404551}.Debug|x64.ActiveCfg = Debug|Any CPU
		{90DBF0A4-253D-4E75-8221-17455B404551}.Debug|x64.Build.0 = Debug|Any CPU
		{90DBF0A4-253D-4E75-8221-17455B404551}.Debug|x86.ActiveCfg = Debug|Any CPU
		{90DBF0A4-253D-4E75-8221-17455B404551}.Debug|x86.Build.0 = Debug|Any CPU
		{90DBF0A4-253D-4E75-8221-17455B404551}.Release|Any CPU.ActiveCfg = Release|Any CPU
		{90DBF0A4-253D-4E75-8221-17455B404551}.Release|Any CPU.Build.0 = Release|Any CPU
		{90DBF0A4-253D-4E75-8221-17455B404551}.Release|x64.ActiveCfg = Release|Any CPU
		{90DBF0A4-253D-4E75-8221-17455B404551}.Release|x64.Build.0 = Release|Any CPU
		{90DBF0A4-253D-4E75-8221-17455B404551}.Release|x86.ActiveCfg = Release|Any CPU
		{90DBF0A4-253D-4E75-8221-17455B404551}.Release|x86.Build.0 = Release|Any CPU
		{9FE3143F-08A8-444F-B6B9-D4533FB57674}.Debug|Any CPU.ActiveCfg = Debug|Any CPU
		{9FE3143F-08A8-444F-B6B9-D4533FB57674}.Debug|Any CPU.Build.0 = Debug|Any CPU
		{9FE3143F-08A8-444F-B6B9-D4533FB57674}.Debug|x64.ActiveCfg = Debug|Any CPU
		{9FE3143F-08A8-444F-B6B9-D4533FB57674}.Debug|x64.Build.0 = Debug|Any CPU
		{9FE3143F-08A8-444F-B6B9-D4533FB57674}.Debug|x86.ActiveCfg = Debug|Any CPU
		{9FE3143F-08A8-444F-B6B9-D4533FB57674}.Debug|x86.Build.0 = Debug|Any CPU
		{9FE3143F-08A8-444F-B6B9-D4533FB57674}.Release|Any CPU.ActiveCfg = Release|Any CPU
		{9FE3143F-08A8-444F-B6B9-D4533FB57674}.Release|Any CPU.Build.0 = Release|Any CPU
		{9FE3143F-08A8-444F-B6B9-D4533FB57674}.Release|x64.ActiveCfg = Release|Any CPU
		{9FE3143F-08A8-444F-B6B9-D4533FB57674}.Release|x64.Build.0 = Release|Any CPU
		{9FE3143F-08A8-444F-B6B9-D4533FB57674}.Release|x86.ActiveCfg = Release|Any CPU
		{9FE3143F-08A8-444F-B6B9-D4533FB57674}.Release|x86.Build.0 = Release|Any CPU
		{26EB7F51-1239-4C81-A840-91AB48C30111}.Debug|Any CPU.ActiveCfg = Debug|Any CPU
		{26EB7F51-1239-4C81-A840-91AB48C30111}.Debug|Any CPU.Build.0 = Debug|Any CPU
		{26EB7F51-1239-4C81-A840-91AB48C30111}.Debug|x64.ActiveCfg = Debug|Any CPU
		{26EB7F51-1239-4C81-A840-91AB48C30111}.Debug|x64.Build.0 = Debug|Any CPU
		{26EB7F51-1239-4C81-A840-91AB48C30111}.Debug|x86.ActiveCfg = Debug|Any CPU
		{26EB7F51-1239-4C81-A840-91AB48C30111}.Debug|x86.Build.0 = Debug|Any CPU
		{26EB7F51-1239-4C81-A840-91AB48C30111}.Release|Any CPU.ActiveCfg = Release|Any CPU
		{26EB7F51-1239-4C81-A840-91AB48C30111}.Release|Any CPU.Build.0 = Release|Any CPU
		{26EB7F51-1239-4C81-A840-91AB48C30111}.Release|x64.ActiveCfg = Release|Any CPU
		{26EB7F51-1239-4C81-A840-91AB48C30111}.Release|x64.Build.0 = Release|Any CPU
		{26EB7F51-1239-4C81-A840-91AB48C30111}.Release|x86.ActiveCfg = Release|Any CPU
		{26EB7F51-1239-4C81-A840-91AB48C30111}.Release|x86.Build.0 = Release|Any CPU
		{3AEE1B0F-D26D-4156-A9A2-90FEAE7F111C}.Debug|Any CPU.ActiveCfg = Debug|Any CPU
		{3AEE1B0F-D26D-4156-A9A2-90FEAE7F111C}.Debug|Any CPU.Build.0 = Debug|Any CPU
		{3AEE1B0F-D26D-4156-A9A2-90FEAE7F111C}.Debug|x64.ActiveCfg = Debug|Any CPU
		{3AEE1B0F-D26D-4156-A9A2-90FEAE7F111C}.Debug|x64.Build.0 = Debug|Any CPU
		{3AEE1B0F-D26D-4156-A9A2-90FEAE7F111C}.Debug|x86.ActiveCfg = Debug|Any CPU
		{3AEE1B0F-D26D-4156-A9A2-90FEAE7F111C}.Debug|x86.Build.0 = Debug|Any CPU
		{3AEE1B0F-D26D-4156-A9A2-90FEAE7F111C}.Release|Any CPU.ActiveCfg = Release|Any CPU
		{3AEE1B0F-D26D-4156-A9A2-90FEAE7F111C}.Release|Any CPU.Build.0 = Release|Any CPU
		{3AEE1B0F-D26D-4156-A9A2-90FEAE7F111C}.Release|x64.ActiveCfg = Release|Any CPU
		{3AEE1B0F-D26D-4156-A9A2-90FEAE7F111C}.Release|x64.Build.0 = Release|Any CPU
		{3AEE1B0F-D26D-4156-A9A2-90FEAE7F111C}.Release|x86.ActiveCfg = Release|Any CPU
		{3AEE1B0F-D26D-4156-A9A2-90FEAE7F111C}.Release|x86.Build.0 = Release|Any CPU
		{C18F5B9D-6171-456B-A972-2EF091C6FB15}.Debug|Any CPU.ActiveCfg = Debug|Any CPU
		{C18F5B9D-6171-456B-A972-2EF091C6FB15}.Debug|Any CPU.Build.0 = Debug|Any CPU
		{C18F5B9D-6171-456B-A972-2EF091C6FB15}.Debug|x64.ActiveCfg = Debug|Any CPU
		{C18F5B9D-6171-456B-A972-2EF091C6FB15}.Debug|x64.Build.0 = Debug|Any CPU
		{C18F5B9D-6171-456B-A972-2EF091C6FB15}.Debug|x86.ActiveCfg = Debug|Any CPU
		{C18F5B9D-6171-456B-A972-2EF091C6FB15}.Debug|x86.Build.0 = Debug|Any CPU
		{C18F5B9D-6171-456B-A972-2EF091C6FB15}.Release|Any CPU.ActiveCfg = Release|Any CPU
		{C18F5B9D-6171-456B-A972-2EF091C6FB15}.Release|Any CPU.Build.0 = Release|Any CPU
		{C18F5B9D-6171-456B-A972-2EF091C6FB15}.Release|x64.ActiveCfg = Release|Any CPU
		{C18F5B9D-6171-456B-A972-2EF091C6FB15}.Release|x64.Build.0 = Release|Any CPU
		{C18F5B9D-6171-456B-A972-2EF091C6FB15}.Release|x86.ActiveCfg = Release|Any CPU
		{C18F5B9D-6171-456B-A972-2EF091C6FB15}.Release|x86.Build.0 = Release|Any CPU
		{4E47F110-D37D-4C48-86CB-457295976000}.Debug|Any CPU.ActiveCfg = Debug|Any CPU
		{4E47F110-D37D-4C48-86CB-457295976000}.Debug|Any CPU.Build.0 = Debug|Any CPU
		{4E47F110-D37D-4C48-86CB-457295976000}.Debug|x64.ActiveCfg = Debug|Any CPU
		{4E47F110-D37D-4C48-86CB-457295976000}.Debug|x64.Build.0 = Debug|Any CPU
		{4E47F110-D37D-4C48-86CB-457295976000}.Debug|x86.ActiveCfg = Debug|Any CPU
		{4E47F110-D37D-4C48-86CB-457295976000}.Debug|x86.Build.0 = Debug|Any CPU
		{4E47F110-D37D-4C48-86CB-457295976000}.Release|Any CPU.ActiveCfg = Release|Any CPU
		{4E47F110-D37D-4C48-86CB-457295976000}.Release|Any CPU.Build.0 = Release|Any CPU
		{4E47F110-D37D-4C48-86CB-457295976000}.Release|x64.ActiveCfg = Release|Any CPU
		{4E47F110-D37D-4C48-86CB-457295976000}.Release|x64.Build.0 = Release|Any CPU
		{4E47F110-D37D-4C48-86CB-457295976000}.Release|x86.ActiveCfg = Release|Any CPU
		{4E47F110-D37D-4C48-86CB-457295976000}.Release|x86.Build.0 = Release|Any CPU
		{3A3C7948-3D00-416D-842C-030F3EEA91C0}.Debug|Any CPU.ActiveCfg = Debug|Any CPU
		{3A3C7948-3D00-416D-842C-030F3EEA91C0}.Debug|Any CPU.Build.0 = Debug|Any CPU
		{3A3C7948-3D00-416D-842C-030F3EEA91C0}.Debug|x64.ActiveCfg = Debug|Any CPU
		{3A3C7948-3D00-416D-842C-030F3EEA91C0}.Debug|x64.Build.0 = Debug|Any CPU
		{3A3C7948-3D00-416D-842C-030F3EEA91C0}.Debug|x86.ActiveCfg = Debug|Any CPU
		{3A3C7948-3D00-416D-842C-030F3EEA91C0}.Debug|x86.Build.0 = Debug|Any CPU
		{3A3C7948-3D00-416D-842C-030F3EEA91C0}.Release|Any CPU.ActiveCfg = Release|Any CPU
		{3A3C7948-3D00-416D-842C-030F3EEA91C0}.Release|Any CPU.Build.0 = Release|Any CPU
		{3A3C7948-3D00-416D-842C-030F3EEA91C0}.Release|x64.ActiveCfg = Release|Any CPU
		{3A3C7948-3D00-416D-842C-030F3EEA91C0}.Release|x64.Build.0 = Release|Any CPU
		{3A3C7948-3D00-416D-842C-030F3EEA91C0}.Release|x86.ActiveCfg = Release|Any CPU
		{3A3C7948-3D00-416D-842C-030F3EEA91C0}.Release|x86.Build.0 = Release|Any CPU
	EndGlobalSection
	GlobalSection(SolutionProperties) = preSolution
		HideSolutionNode = FALSE
	EndGlobalSection
	GlobalSection(NestedProjects) = preSolution
		{9EA4AA35-DEFC-4C25-8333-78137853EC5D} = {6C9F4322-BDC7-42DA-ACBD-1AC641B907B4}
		{30DCF9C7-BEA3-46D8-83C4-748FF24FFB96} = {0C432416-770F-4331-84E6-5835408A9BD8}
		{FD90132E-3B0E-4677-A7CE-8783FCC5E427} = {30DCF9C7-BEA3-46D8-83C4-748FF24FFB96}
		{8EC75594-FF27-4590-A726-B0C240EC0DC6} = {0C432416-770F-4331-84E6-5835408A9BD8}
		{EF106F75-3B60-4C72-902D-DDE46EEF7D84} = {30DCF9C7-BEA3-46D8-83C4-748FF24FFB96}
		{B5CBA610-B248-489F-9840-05DF0C1AAC69} = {30DCF9C7-BEA3-46D8-83C4-748FF24FFB96}
		{62606EC9-E888-47C0-BBAC-E7E40652DFD3} = {8EC75594-FF27-4590-A726-B0C240EC0DC6}
		{E59DA556-0472-4409-BDCE-C992F73531F5} = {8EC75594-FF27-4590-A726-B0C240EC0DC6}
		{782E3414-6807-49A6-A7C4-9239BBACE0AE} = {8EC75594-FF27-4590-A726-B0C240EC0DC6}
		{9FB30E31-D5F4-4E67-877E-78FAD7C3846D} = {0C432416-770F-4331-84E6-5835408A9BD8}
		{995DD783-AAA5-450A-AF5C-6DFA513343F8} = {9FB30E31-D5F4-4E67-877E-78FAD7C3846D}
		{5774E9F0-F6AE-4EDA-8240-315F82F3D1E1} = {0C432416-770F-4331-84E6-5835408A9BD8}
		{496912B1-C4E3-477E-8AF8-D95DFC604B7C} = {5774E9F0-F6AE-4EDA-8240-315F82F3D1E1}
		{C8437CD7-37CB-40B7-8862-96A1533C1818} = {5774E9F0-F6AE-4EDA-8240-315F82F3D1E1}
		{C404A7B8-8271-417D-B02C-20EDC7FB48B7} = {5774E9F0-F6AE-4EDA-8240-315F82F3D1E1}
		{268E0BF9-A6A4-4255-835C-0995CE4B3F2E} = {9FB30E31-D5F4-4E67-877E-78FAD7C3846D}
		{55BB2D05-7DCF-4BA4-B9E4-823A98C2B626} = {9FB30E31-D5F4-4E67-877E-78FAD7C3846D}
		{CCAB1F41-EAB4-4564-B956-C32ED0B03EC2} = {0C432416-770F-4331-84E6-5835408A9BD8}
		{2E033BD6-16C2-4F3A-ADD5-C08D6FB8482B} = {CCAB1F41-EAB4-4564-B956-C32ED0B03EC2}
		{3D8714C4-B78B-4B5E-8675-F6531C21AE2C} = {CCAB1F41-EAB4-4564-B956-C32ED0B03EC2}
		{F3ADEF50-755E-4FCB-9746-C946CB0306B3} = {CCAB1F41-EAB4-4564-B956-C32ED0B03EC2}
		{9F013513-EC16-46DF-BDEF-C9B5F0DA6C12} = {0C432416-770F-4331-84E6-5835408A9BD8}
		{BBA243C1-EEAD-42EE-ABA3-6912BE5F41D8} = {9F013513-EC16-46DF-BDEF-C9B5F0DA6C12}
		{2DCCFE7C-4BC5-46F8-8493-82352CE0EE71} = {9F013513-EC16-46DF-BDEF-C9B5F0DA6C12}
		{90DBF0A4-253D-4E75-8221-17455B404551} = {9F013513-EC16-46DF-BDEF-C9B5F0DA6C12}
		{9FE3143F-08A8-444F-B6B9-D4533FB57674} = {9F013513-EC16-46DF-BDEF-C9B5F0DA6C12}
		{C071317A-33DD-81B8-DE1C-2EFAA26D6A66} = {0C432416-770F-4331-84E6-5835408A9BD8}
		{26EB7F51-1239-4C81-A840-91AB48C30111} = {C071317A-33DD-81B8-DE1C-2EFAA26D6A66}
		{3AEE1B0F-D26D-4156-A9A2-90FEAE7F111C} = {C071317A-33DD-81B8-DE1C-2EFAA26D6A66}
		{C18F5B9D-6171-456B-A972-2EF091C6FB15} = {C071317A-33DD-81B8-DE1C-2EFAA26D6A66}
		{4E47F110-D37D-4C48-86CB-457295976000} = {C071317A-33DD-81B8-DE1C-2EFAA26D6A66}
		{3A3C7948-3D00-416D-842C-030F3EEA91C0} = {C071317A-33DD-81B8-DE1C-2EFAA26D6A66}
	EndGlobalSection
	GlobalSection(ExtensibilityGlobals) = postSolution
		SolutionGuid = {783A95E2-ACD4-4E6D-B0FC-1D05ADEB9244}
	EndGlobalSection
EndGlobal
