{
  "name": "my-app",
  "version": "1.0.0",
  "lockfileVersion": 3,
  "requires": true,
  "packages": {
    "": {
      "name": "my-app",
      "version": "1.0.0",
      "dependencies": {
        "@abp/aspnetcore.components.server.leptonxlitetheme": "~3.2.0",
        "@abp/aspnetcore.mvc.ui.theme.leptonxlite": "~3.2.0"
      }
    },
    "node_modules/@abp/aspnetcore.components.server.leptonxlitetheme": {
      "version": "3.2.0",
      "resolved": "https://registry.npmjs.org/@abp/aspnetcore.components.server.leptonxlitetheme/-/aspnetcore.components.server.leptonxlitetheme-3.2.0.tgz",
      "integrity": "sha512-ZqB0FZD6CSO8yvBpfb4QO62wIEW+iIBGfJt0DEYwMFboDcHBfeL5SZ/JpPsEyLe46woFNym45s0Cy913pCCQ/g==",
      "dependencies": {
        "@abp/aspnetcore.components.server.theming": "~8.2.0"
      }
    },
    "node_modules/@abp/aspnetcore.components.server.theming": {
      "version": "8.2.0",
      "resolved": "https://registry.npmjs.org/@abp/aspnetcore.components.server.theming/-/aspnetcore.components.server.theming-8.2.0.tgz",
      "integrity": "sha512-/JQkOePRvY9DEXtXaXfTNxmZwu9HWT0ixLLt94Jt7LgxGmyO7esIgLwXgqC7EI/LF7KVWXTM7dE0hxGqpNX/qw==",
      "dependencies": {
        "@abp/bootstrap": "~8.2.0",
        "@abp/font-awesome": "~8.2.0"
      }
    },
    "node_modules/@abp/aspnetcore.mvc.ui": {
      "version": "8.2.0",
      "resolved": "https://registry.npmjs.org/@abp/aspnetcore.mvc.ui/-/aspnetcore.mvc.ui-8.2.0.tgz",
      "integrity": "sha512-5Mu7TBDzXHBWqKMns2OVf2C5g1/038wz1XjsiaHANJ3b1iwHX1gt90nV5THK5yXRXxBjOUZnBE1TOj/jKAKEWQ==",
      "dependencies": {
        "ansi-colors": "^4.1.1"
      }
    },
    "node_modules/@abp/aspnetcore.mvc.ui.theme.leptonxlite": {
      "version": "3.2.0",
      "resolved": "https://registry.npmjs.org/@abp/aspnetcore.mvc.ui.theme.leptonxlite/-/aspnetcore.mvc.ui.theme.leptonxlite-3.2.0.tgz",
      "integrity": "sha512-cHazis0typaNtMja5HfKf6+udZ3eHQO29RRjizB4VKSznmgsy0o/u6wlg6HSch4DP33N6yN7TOd6re77+xBM+Q==",
      "dependencies": {
        "@abp/aspnetcore.mvc.ui.theme.shared": "~8.2.0"
      }
    },
    "node_modules/@abp/aspnetcore.mvc.ui.theme.shared": {
      "version": "8.2.0",
      "resolved": "https://registry.npmjs.org/@abp/aspnetcore.mvc.ui.theme.shared/-/aspnetcore.mvc.ui.theme.shared-8.2.0.tgz",
      "integrity": "sha512-6iCo5+aSfhmAtKgBOLFNG7uKnOWv64RH8LwVPbMDVdjG+gKD96V+OunFLiG1p8Ta7Y+pip7PHWBKAqE3iC3Fag==",
      "dependencies": {
        "@abp/aspnetcore.mvc.ui": "~8.2.0",
        "@abp/bootstrap": "~8.2.0",
        "@abp/bootstrap-datepicker": "~8.2.0",
        "@abp/bootstrap-daterangepicker": "~8.2.0",
        "@abp/datatables.net-bs5": "~8.2.0",
        "@abp/font-awesome": "~8.2.0",
        "@abp/jquery-form": "~8.2.0",
        "@abp/jquery-validation-unobtrusive": "~8.2.0",
        "@abp/lodash": "~8.2.0",
        "@abp/luxon": "~8.2.0",
        "@abp/malihu-custom-scrollbar-plugin": "~8.2.0",
        "@abp/moment": "~8.2.0",
        "@abp/select2": "~8.2.0",
        "@abp/sweetalert2": "~8.2.0",
        "@abp/timeago": "~8.2.0",
        "@abp/toastr": "~8.2.0"
      }
    },
    "node_modules/@abp/bootstrap": {
      "version": "8.2.0",
      "resolved": "https://registry.npmjs.org/@abp/bootstrap/-/bootstrap-8.2.0.tgz",
      "integrity": "sha512-+sNl5KzVi4f1+IAf/+jBwOzUEoqDKuvyOp9YZHOrTVyVj8inDXFCIUqGxTetVcTuD0loxVnHWgdUHetsFJvkJA==",
      "dependencies": {
        "@abp/core": "~8.2.0",
        "bootstrap": "^5.1.3"
      }
    },
    "node_modules/@abp/bootstrap-datepicker": {
      "version": "8.2.0",
      "resolved": "https://registry.npmjs.org/@abp/bootstrap-datepicker/-/bootstrap-datepicker-8.2.0.tgz",
      "integrity": "sha512-n4vVjeS2OOuFWrYHMJx1wQp7iyMgM/cofnQdAJy3S2U4cm72DeSCfOQN0LcxdyTlYAE+zGWexmzMAmDTJk/dGg==",
      "dependencies": {
        "bootstrap-datepicker": "^1.9.0"
      }
    },
    "node_modules/@abp/bootstrap-daterangepicker": {
      "version": "8.2.0",
      "resolved": "https://registry.npmjs.org/@abp/bootstrap-daterangepicker/-/bootstrap-daterangepicker-8.2.0.tgz",
      "integrity": "sha512-+2Hahy66bgFi4t+2il6zfTunilg2ARyr52AOSkqH440xKcdIMEdLeCRHgWadJj6zKnWCmN4LXfvKWgMmWwhPbg==",
      "dependencies": {
        "bootstrap-daterangepicker": "^3.1.0"
      }
    },
    "node_modules/@abp/core": {
      "version": "8.2.0",
      "resolved": "https://registry.npmjs.org/@abp/core/-/core-8.2.0.tgz",
      "integrity": "sha512-SzohDqNpby11B/teq9Su1zng19j2X8ifGVdIF5RYXPb/SZwO4+wqOpJL62ycVupKoB/wBk8X89NK7qrSE19rtg==",
      "dependencies": {
        "@abp/utils": "~8.2.0"
      }
    },
    "node_modules/@abp/datatables.net": {
      "version": "8.2.0",
      "resolved": "https://registry.npmjs.org/@abp/datatables.net/-/datatables.net-8.2.0.tgz",
      "integrity": "sha512-Uc+NPRaZdTl7rnFdPp3VtX/Fd0igRH3byaqKXAzX639a+aaI5mA2Utm0kMZFXYVoh7Hp8bYGP0W5pzdGWzk2Mg==",
      "dependencies": {
        "@abp/jquery": "~8.2.0",
        "datatables.net": "^1.11.4"
      }
    },
    "node_modules/@abp/datatables.net-bs5": {
      "version": "8.2.0",
      "resolved": "https://registry.npmjs.org/@abp/datatables.net-bs5/-/datatables.net-bs5-8.2.0.tgz",
      "integrity": "sha512-45icvFVaEoPqVXmrTbtHrLFU7Cb/QH/gFChcTTSET9l2rQWG1hM2F5t2GPu7Hct15tUmQKCco6rUM32m0uekFQ==",
      "dependencies": {
        "@abp/datatables.net": "~8.2.0",
        "datatables.net-bs5": "^1.11.4"
      }
    },
    "node_modules/@abp/font-awesome": {
      "version": "8.2.0",
      "resolved": "https://registry.npmjs.org/@abp/font-awesome/-/font-awesome-8.2.0.tgz",
      "integrity": "sha512-uTPdfLZWV1lJGia2FTaBCC84w1NpBiVEHWF8cpn2EURBXRcBJAn4PZOBOQVs+qgW4QyawfjuaR57hKmOyRodWw==",
      "dependencies": {
        "@abp/core": "~8.2.0",
        "@fortawesome/fontawesome-free": "^6.5.1"
      }
    },
    "node_modules/@abp/jquery": {
      "version": "8.2.0",
      "resolved": "https://registry.npmjs.org/@abp/jquery/-/jquery-8.2.0.tgz",
      "integrity": "sha512-ow/A7a8b5FVRolMlOKPVaJsizmm8VjOr+g3LG3/Sj6Zvebx+j4YLXlUEfCl8FmEj2jjh5Q3hsKQwp1HW/S+FXA==",
      "dependencies": {
        "@abp/core": "~8.2.0",
        "jquery": "~3.6.0"
      }
    },
    "node_modules/@abp/jquery-form": {
      "version": "8.2.0",
      "resolved": "https://registry.npmjs.org/@abp/jquery-form/-/jquery-form-8.2.0.tgz",
      "integrity": "sha512-8pvNMTADbPzxsLGRFzePmMLa7ZZ1UWnvcVpP4aZMQ0lB356trbB5tH1Q/Kd7QeuqZS2LaejgVOG6NkZtk09sHQ==",
      "dependencies": {
        "@abp/jquery": "~8.2.0",
        "jquery-form": "^4.3.0"
      }
    },
    "node_modules/@abp/jquery-validation": {
      "version": "8.2.0",
      "resolved": "https://registry.npmjs.org/@abp/jquery-validation/-/jquery-validation-8.2.0.tgz",
      "integrity": "sha512-7NlsSARX1omJcTyDXsdK4RHy2Lr5bmIa/LiGniLbNSfsRQxupXVzt9pygRuq3j/4mPCbwf7qVUSld1rgznhyeg==",
      "dependencies": {
        "@abp/jquery": "~8.2.0",
        "jquery-validation": "^1.19.3"
      }
    },
    "node_modules/@abp/jquery-validation-unobtrusive": {
      "version": "8.2.0",
      "resolved": "https://registry.npmjs.org/@abp/jquery-validation-unobtrusive/-/jquery-validation-unobtrusive-8.2.0.tgz",
      "integrity": "sha512-JuuYQWnRghlm+i1gsMXpJafGDu3nUdKab3zZ3BTAR0TRnbHaqKzPudhW28nxPqyrLhlEFiWOxsIFAv2Zo3AYgQ==",
      "dependencies": {
        "@abp/jquery-validation": "~8.2.0",
        "jquery-validation-unobtrusive": "^3.2.12"
      }
    },
    "node_modules/@abp/lodash": {
      "version": "8.2.0",
      "resolved": "https://registry.npmjs.org/@abp/lodash/-/lodash-8.2.0.tgz",
      "integrity": "sha512-YqCT3idDmeMTUr0RjTtobpTXazkm3kSMdzmFsQvp31sC5eyXDb7/SQip0OP4c3/co2CYhH/vwX5mbAmzDazY3w==",
      "dependencies": {
        "@abp/core": "~8.2.0",
        "lodash": "^4.17.21"
      }
    },
    "node_modules/@abp/luxon": {
      "version": "8.2.0",
      "resolved": "https://registry.npmjs.org/@abp/luxon/-/luxon-8.2.0.tgz",
      "integrity": "sha512-n11g3IcqE3bpzL06hpYSceQksNz8fowRceu8lJvw2Vo6STNPlL0Kv5awf8qxUcX27XOkE8t8UTBzAERLXZzyCQ==",
      "dependencies": {
        "@abp/core": "~8.2.0",
        "luxon": "^2.3.0"
      }
    },
    "node_modules/@abp/malihu-custom-scrollbar-plugin": {
      "version": "8.2.0",
      "resolved": "https://registry.npmjs.org/@abp/malihu-custom-scrollbar-plugin/-/malihu-custom-scrollbar-plugin-8.2.0.tgz",
      "integrity": "sha512-ALnvSVnzW1q2BVjkGOlgU/fp4VJME7PZWOD/DozAuh1aBKKR9ElR5T54Uf9HQrB53sRaPchHBl9usIOZ0WDqWQ==",
      "dependencies": {
        "@abp/core": "~8.2.0",
        "malihu-custom-scrollbar-plugin": "^3.1.5"
      }
    },
    "node_modules/@abp/moment": {
      "version": "8.2.0",
      "resolved": "https://registry.npmjs.org/@abp/moment/-/moment-8.2.0.tgz",
      "integrity": "sha512-pg5LKOXCOe9ncoYCSWzvmPBH2VSVi+6CtmWnfcI23ir07PmAk5zmfNvDdkkBFsALxi5Ypq1UWH45o+a6FteHpQ==",
      "dependencies": {
        "moment": "^2.9.0"
      }
    },
    "node_modules/@abp/select2": {
      "version": "8.2.0",
      "resolved": "https://registry.npmjs.org/@abp/select2/-/select2-8.2.0.tgz",
      "integrity": "sha512-TQJLRrfEJsDnp7n0OHKMyNF0Um+O4b7AvRhiVz8opiuAIpaFXQRp02/UuMBX9h7SQUWNONXEqKmLvKdyEIhLAA==",
      "dependencies": {
        "@abp/core": "~8.2.0",
        "select2": "^4.0.13"
      }
    },
    "node_modules/@abp/sweetalert2": {
      "version": "8.2.0",
      "resolved": "https://registry.npmjs.org/@abp/sweetalert2/-/sweetalert2-8.2.0.tgz",
      "integrity": "sha512-3w/bsEdV5B1Y288wVJa3CrkYASDqwwpuzjCk9g8Foe0xlc7TNs/X9HAm/PeDpdt8glxnxnvnN/zKJOtnFNRgWg==",
      "dependencies": {
        "@abp/core": "~8.2.0",
        "sweetalert2": "^11.3.6"
      }
    },
    "node_modules/@abp/timeago": {
      "version": "8.2.0",
      "resolved": "https://registry.npmjs.org/@abp/timeago/-/timeago-8.2.0.tgz",
      "integrity": "sha512-Vwo7Y6m/9CGBcjqLQ/S6lyP27Ilf8ThB7B5QYYlKA5yAL/VqrRaElYmJ8g9+MH7elMuGPvfCnjlPYcBfP2anuQ==",
      "dependencies": {
        "@abp/jquery": "~8.2.0",
        "timeago": "^1.6.7"
      }
    },
    "node_modules/@abp/toastr": {
      "version": "8.2.0",
      "resolved": "https://registry.npmjs.org/@abp/toastr/-/toastr-8.2.0.tgz",
      "integrity": "sha512-v0nKkP1PLIH92aTHOg/D6TgH65omMgQ30Ujamx2DU4yiRX5Z/2ZJNyO5//9mvmCt8hGXrqVJZwRLVKI/t7UV8A==",
      "dependencies": {
        "@abp/jquery": "~8.2.0",
        "toastr": "^2.1.4"
      }
    },
    "node_modules/@abp/utils": {
      "version": "8.2.0",
      "resolved": "https://registry.npmjs.org/@abp/utils/-/utils-8.2.0.tgz",
      "integrity": "sha512-47WX1bNId6KEm9Se4BJmd3dQXDscYB878RTABXnOmB018QSNQjJFwp8dR0E9I5ZaXRUcBetrpkHku6OyXr/gXw==",
      "dependencies": {
        "just-compare": "^2.3.0"
      }
    },
    "node_modules/@fortawesome/fontawesome-free": {
      "version": "6.6.0",
      "resolved": "https://registry.npmjs.org/@fortawesome/fontawesome-free/-/fontawesome-free-6.6.0.tgz",
      "integrity": "sha512-60G28ke/sXdtS9KZCpZSHHkCbdsOGEhIUGlwq6yhY74UpTiToIh8np7A8yphhM4BWsvNFtIvLpi4co+h9Mr9Ow==",
      "engines": {
        "node": ">=6"
      }
    },
    "node_modules/@popperjs/core": {
      "version": "2.11.8",
      "resolved": "https://registry.npmjs.org/@popperjs/core/-/core-2.11.8.tgz",
      "integrity": "sha512-P1st0aksCrn9sGZhp8GMYwBnQsbvAWsZAX44oXNNvLHGqAOcoVxmjZiohstwQ7SqKnbR47akdNi+uleWD8+g6A==",
      "peer": true,
      "funding": {
        "type": "opencollective",
        "url": "https://opencollective.com/popperjs"
      }
    },
    "node_modules/ansi-colors": {
      "version": "4.1.3",
      "resolved": "https://registry.npmjs.org/ansi-colors/-/ansi-colors-4.1.3.tgz",
      "integrity": "sha512-/6w/C21Pm1A7aZitlI5Ni/2J6FFQN8i1Cvz3kHABAAbw93v/NlvKdVOqz7CCWz/3iv/JplRSEEZ83XION15ovw==",
      "engines": {
        "node": ">=6"
      }
    },
    "node_modules/bootstrap": {
      "version": "5.3.3",
      "resolved": "https://registry.npmjs.org/bootstrap/-/bootstrap-5.3.3.tgz",
      "integrity": "sha512-8HLCdWgyoMguSO9o+aH+iuZ+aht+mzW0u3HIMzVu7Srrpv7EBBxTnrFlSCskwdY1+EOFQSm7uMJhNQHkdPcmjg==",
      "funding": [
        {
          "type": "github",
          "url": "https://github.com/sponsors/twbs"
        },
        {
          "type": "opencollective",
          "url": "https://opencollective.com/bootstrap"
        }
      ],
      "peerDependencies": {
        "@popperjs/core": "^2.11.8"
      }
    },
    "node_modules/bootstrap-datepicker": {
      "version": "1.10.0",
      "resolved": "https://registry.npmjs.org/bootstrap-datepicker/-/bootstrap-datepicker-1.10.0.tgz",
      "integrity": "sha512-lWxtSYddAQOpbAO8UhYhHLcK6425eWoSjb5JDvZU3ePHEPF6A3eUr51WKaFy4PccU19JRxUG6wEU3KdhtKfvpg==",
      "dependencies": {
        "jquery": ">=3.4.0 <4.0.0"
      }
    },
    "node_modules/bootstrap-daterangepicker": {
      "version": "3.1.0",
      "resolved": "https://registry.npmjs.org/bootstrap-daterangepicker/-/bootstrap-daterangepicker-3.1.0.tgz",
      "integrity": "sha512-oaQZx6ZBDo/dZNyXGVi2rx5GmFXThyQLAxdtIqjtLlYVaQUfQALl5JZMJJZzyDIX7blfy4ppZPAJ10g8Ma4d/g==",
      "dependencies": {
        "jquery": ">=1.10",
        "moment": "^2.9.0"
      }
    },
    "node_modules/datatables.net": {
      "version": "1.13.11",
      "resolved": "https://registry.npmjs.org/datatables.net/-/datatables.net-1.13.11.tgz",
      "integrity": "sha512-AE6RkMXziRaqzPcu/pl3SJXeRa6fmXQG/fVjuRESujvkzqDCYEeKTTpPMuVJSGYJpPi32WGSphVNNY1G4nSN/g==",
      "dependencies": {
        "jquery": "1.8 - 4"
      }
    },
    "node_modules/datatables.net-bs5": {
      "version": "1.13.11",
      "resolved": "https://registry.npmjs.org/datatables.net-bs5/-/datatables.net-bs5-1.13.11.tgz",
      "integrity": "sha512-NQO15TjXo4xvZ0jReC4Uf86ezbQzPQPdaN2YncrCPhzQ6fx+2WD7DUq4ur0HbAcYHo94/M+MtD5Ch29To7Rj3Q==",
      "dependencies": {
        "datatables.net": "1.13.11",
        "jquery": "1.8 - 4"
      }
    },
    "node_modules/jquery": {
      "version": "3.6.4",
      "resolved": "https://registry.npmjs.org/jquery/-/jquery-3.6.4.tgz",
      "integrity": "sha512-v28EW9DWDFpzcD9O5iyJXg3R3+q+mET5JhnjJzQUZMHOv67bpSIHq81GEYpPNZHG+XXHsfSme3nxp/hndKEcsQ=="
    },
    "node_modules/jquery-form": {
      "version": "4.3.0",
      "resolved": "https://registry.npmjs.org/jquery-form/-/jquery-form-4.3.0.tgz",
      "integrity": "sha512-q3uaVCEWdLOYUCI6dpNdwf/7cJFOsUgdpq6r0taxtGQ5NJSkOzofyWm4jpOuJ5YxdmL1FI5QR+q+HB63HHLGnQ==",
      "dependencies": {
        "jquery": ">=1.7.2"
      }
    },
    "node_modules/jquery-mousewheel": {
      "version": "3.1.13",
      "resolved": "https://registry.npmjs.org/jquery-mousewheel/-/jquery-mousewheel-3.1.13.tgz",
      "integrity": "sha512-GXhSjfOPyDemM005YCEHvzrEALhKDIswtxSHSR2e4K/suHVJKJxxRCGz3skPjNxjJjQa9AVSGGlYjv1M3VLIPg=="
    },
    "node_modules/jquery-validation": {
      "version": "1.21.0",
      "resolved": "https://registry.npmjs.org/jquery-validation/-/jquery-validation-1.21.0.tgz",
      "integrity": "sha512-xNot0rlUIgu7duMcQ5qb6MGkGL/Z1PQaRJQoZAURW9+a/2PGOUxY36o/WyNeP2T9R6jvWB8Z9lUVvvQWI/Zs5w==",
      "peerDependencies": {
        "jquery": "^1.7 || ^2.0 || ^3.1"
      }
    },
    "node_modules/jquery-validation-unobtrusive": {
      "version": "3.2.12",
      "resolved": "https://registry.npmjs.org/jquery-validation-unobtrusive/-/jquery-validation-unobtrusive-3.2.12.tgz",
      "integrity": "sha512-kPixGhVcuat7vZXngGFfSIksy4VlzZcHyRgnBIZdsfVneCU+D5sITC8T8dD/9c9K/Q+qkMlgp7ufJHz93nKSuQ==",
      "dependencies": {
        "jquery": "^3.5.1",
        "jquery-validation": ">=1.16"
      }
    },
    "node_modules/just-compare": {
      "version": "2.3.0",
      "resolved": "https://registry.npmjs.org/just-compare/-/just-compare-2.3.0.tgz",
      "integrity": "sha512-6shoR7HDT+fzfL3gBahx1jZG3hWLrhPAf+l7nCwahDdT9XDtosB9kIF0ZrzUp5QY8dJWfQVr5rnsPqsbvflDzg=="
    },
    "node_modules/lodash": {
      "version": "4.17.21",
      "resolved": "https://registry.npmjs.org/lodash/-/lodash-4.17.21.tgz",
      "integrity": "sha512-v2kDEe57lecTulaDIuNTPy3Ry4gLGJ6Z1O3vE1krgXZNrsQ+LFTGHVxVjcXPs17LhbZVGedAJv8XZ1tvj5FvSg=="
    },
    "node_modules/luxon": {
      "version": "2.5.2",
      "resolved": "https://registry.npmjs.org/luxon/-/luxon-2.5.2.tgz",
      "integrity": "sha512-Yg7/RDp4nedqmLgyH0LwgGRvMEKVzKbUdkBYyCosbHgJ+kaOUx0qzSiSatVc3DFygnirTPYnMM2P5dg2uH1WvA==",
      "engines": {
        "node": ">=12"
      }
    },
    "node_modules/malihu-custom-scrollbar-plugin": {
      "version": "3.1.5",
      "resolved": "https://registry.npmjs.org/malihu-custom-scrollbar-plugin/-/malihu-custom-scrollbar-plugin-3.1.5.tgz",
      "integrity": "sha512-lwW3LgI+CNDMPnP4ED2la6oYxWMkCXlnhex+s2wuOLhFDFGnGmQuTQVdRK9bvDLpxs10sGlfErVufJy9ztfgJQ==",
      "dependencies": {
        "jquery-mousewheel": ">=3.0.6"
      }
    },
    "node_modules/moment": {
      "version": "2.30.1",
      "resolved": "https://registry.npmjs.org/moment/-/moment-2.30.1.tgz",
      "integrity": "sha512-uEmtNhbDOrWPFS+hdjFCBfy9f2YoyzRpwcl+DqpC6taX21FzsTLQVbMV/W7PzNSX6x/bhC1zA3c2UQ5NzH6how==",
      "engines": {
        "node": "*"
      }
    },
    "node_modules/select2": {
      "version": "4.0.13",
      "resolved": "https://registry.npmjs.org/select2/-/select2-4.0.13.tgz",
      "integrity": "sha512-1JeB87s6oN/TDxQQYCvS5EFoQyvV6eYMZZ0AeA4tdFDYWN3BAGZ8npr17UBFddU0lgAt3H0yjX3X6/ekOj1yjw=="
    },
    "node_modules/sweetalert2": {
      "version": "11.12.3",
      "resolved": "https://registry.npmjs.org/sweetalert2/-/sweetalert2-11.12.3.tgz",
      "integrity": "sha512-tgGJSgfSV/xK113JEvhjwqKAuBYLXsZf0z+tGlHKQNnsLMi4eSNuzn9tt5hUdvjOVTLSPDgo0Lc+tnjy9Uj7Og==",
      "funding": {
        "type": "individual",
        "url": "https://github.com/sponsors/limonte"
      }
    },
    "node_modules/timeago": {
      "version": "1.6.7",
      "resolved": "https://registry.npmjs.org/timeago/-/timeago-1.6.7.tgz",
      "integrity": "sha512-FikcjN98+ij0siKH4VO4dZ358PR3oDDq4Vdl1+sN9gWz1/+JXGr3uZbUShYH/hL7bMhcTpPbplJU5Tej4b4jbQ==",
      "dependencies": {
        "jquery": ">=1.5.0 <4.0"
      }
    },
    "node_modules/toastr": {
      "version": "2.1.4",
      "resolved": "https://registry.npmjs.org/toastr/-/toastr-2.1.4.tgz",
      "integrity": "sha512-LIy77F5n+sz4tefMmFOntcJ6HL0Fv3k1TDnNmFZ0bU/GcvIIfy6eG2v7zQmMiYgaalAiUv75ttFrPn5s0gyqlA==",
      "dependencies": {
        "jquery": ">=1.12.0"
      }
    }
  }
}
